// !$*UTF8*$!
{
	archiveVersion = 1;
	classes = {
	};
	objectVersion = 46;
	objects = {

/* Begin PBXBuildFile section */
		6E4BED6D1E9F9139000DEACD /* iosblackcardTests.swift in Sources */ = {isa = PBXBuildFile; fileRef = 6E4BED6C1E9F9139000DEACD /* iosblackcardTests.swift */; };
		6E4BED781E9F9139000DEACD /* iosblackcardUITests.swift in Sources */ = {isa = PBXBuildFile; fileRef = 6E4BED771E9F9139000DEACD /* iosblackcardUITests.swift */; };
		6E4BEDB11E9F9A18000DEACD /* AppAPIHelper.swift in Sources */ = {isa = PBXBuildFile; fileRef = 6E4BED861E9F9A18000DEACD /* AppAPIHelper.swift */; };
		6E4BEDB21E9F9A18000DEACD /* HttpModelHelper.swift in Sources */ = {isa = PBXBuildFile; fileRef = 6E4BED871E9F9A18000DEACD /* HttpModelHelper.swift */; };
		6E4BEDB31E9F9A18000DEACD /* HttpRequestManage.swift in Sources */ = {isa = PBXBuildFile; fileRef = 6E4BED881E9F9A18000DEACD /* HttpRequestManage.swift */; };
		6E4BEDB81E9F9A18000DEACD /* libWeChatSDK.a in Frameworks */ = {isa = PBXBuildFile; fileRef = 6E4BED931E9F9A18000DEACD /* libWeChatSDK.a */; };
		6E4BEDB91E9F9A18000DEACD /* README.txt in Resources */ = {isa = PBXBuildFile; fileRef = 6E4BED941E9F9A18000DEACD /* README.txt */; };
		6E4BEDBA1E9F9A18000DEACD /* AppConst.swift in Sources */ = {isa = PBXBuildFile; fileRef = 6E4BED991E9F9A18000DEACD /* AppConst.swift */; };
		6E4BEDBB1E9F9A18000DEACD /* AppDelegate.swift in Sources */ = {isa = PBXBuildFile; fileRef = 6E4BED9C1E9F9A18000DEACD /* AppDelegate.swift */; };
		6E4BEDBC1E9F9A18000DEACD /* ViewController.swift in Sources */ = {isa = PBXBuildFile; fileRef = 6E4BED9D1E9F9A18000DEACD /* ViewController.swift */; };
		6E4BEDBD1E9F9A18000DEACD /* Contents.json in Resources */ = {isa = PBXBuildFile; fileRef = 6E4BEDA01E9F9A18000DEACD /* Contents.json */; };
		6E4BEDBE1E9F9A18000DEACD /* LaunchScreen.storyboard in Resources */ = {isa = PBXBuildFile; fileRef = 6E4BEDA11E9F9A18000DEACD /* LaunchScreen.storyboard */; };
		6E4BEDBF1E9F9A18000DEACD /* Main.storyboard in Resources */ = {isa = PBXBuildFile; fileRef = 6E4BEDA31E9F9A18000DEACD /* Main.storyboard */; };
		6E4BEDC01E9F9A18000DEACD /* Info.plist in Resources */ = {isa = PBXBuildFile; fileRef = 6E4BEDA81E9F9A18000DEACD /* Info.plist */; };
		6E4BEDCA1E9F9A61000DEACD /* AFNetworking.framework in Frameworks */ = {isa = PBXBuildFile; fileRef = 6E4BEDC11E9F9A61000DEACD /* AFNetworking.framework */; };
		6E4BEDCB1E9F9A61000DEACD /* Alamofire.framework in Frameworks */ = {isa = PBXBuildFile; fileRef = 6E4BEDC21E9F9A61000DEACD /* Alamofire.framework */; };
		6E4BEDCC1E9F9A61000DEACD /* HappyDNS.framework in Frameworks */ = {isa = PBXBuildFile; fileRef = 6E4BEDC31E9F9A61000DEACD /* HappyDNS.framework */; };
		6E4BEDCD1E9F9A61000DEACD /* Kingfisher.framework in Frameworks */ = {isa = PBXBuildFile; fileRef = 6E4BEDC41E9F9A61000DEACD /* Kingfisher.framework */; };
		6E4BEDCE1E9F9A61000DEACD /* Qiniu.framework in Frameworks */ = {isa = PBXBuildFile; fileRef = 6E4BEDC51E9F9A61000DEACD /* Qiniu.framework */; };
		6E4BEDCF1E9F9A61000DEACD /* Realm.framework in Frameworks */ = {isa = PBXBuildFile; fileRef = 6E4BEDC61E9F9A61000DEACD /* Realm.framework */; };
		6E4BEDD01E9F9A61000DEACD /* RealmSwift.framework in Frameworks */ = {isa = PBXBuildFile; fileRef = 6E4BEDC71E9F9A61000DEACD /* RealmSwift.framework */; };
		6E4BEDD11E9F9A61000DEACD /* SnapKit.framework in Frameworks */ = {isa = PBXBuildFile; fileRef = 6E4BEDC81E9F9A61000DEACD /* SnapKit.framework */; };
		6E4BEDD21E9F9A61000DEACD /* SVProgressHUD.framework in Frameworks */ = {isa = PBXBuildFile; fileRef = 6E4BEDC91E9F9A61000DEACD /* SVProgressHUD.framework */; };
		6E4BEDD41E9F9B3C000DEACD /* SVProgressHUDExt.swift in Sources */ = {isa = PBXBuildFile; fileRef = 6E4BEDD31E9F9B3C000DEACD /* SVProgressHUDExt.swift */; };
		6E4BEDD61E9F9B48000DEACD /* String+Extension.swift in Sources */ = {isa = PBXBuildFile; fileRef = 6E4BEDD51E9F9B48000DEACD /* String+Extension.swift */; };
		6E4BEDDC1E9F9C29000DEACD /* libstdc++.tbd in Frameworks */ = {isa = PBXBuildFile; fileRef = 6E4BEDDB1E9F9C29000DEACD /* libstdc++.tbd */; };
		6E4BEDDE1E9F9C33000DEACD /* libsqlite3.tbd in Frameworks */ = {isa = PBXBuildFile; fileRef = 6E4BEDDD1E9F9C33000DEACD /* libsqlite3.tbd */; };
		6E4BEDE01E9F9C49000DEACD /* libz.tbd in Frameworks */ = {isa = PBXBuildFile; fileRef = 6E4BEDDF1E9F9C49000DEACD /* libz.tbd */; };
		6E4BEDE21E9F9C75000DEACD /* CFNetwork.framework in Frameworks */ = {isa = PBXBuildFile; fileRef = 6E4BEDE11E9F9C75000DEACD /* CFNetwork.framework */; };
		6E4BEDE41E9F9CD1000DEACD /* SystemConfiguration.framework in Frameworks */ = {isa = PBXBuildFile; fileRef = 6E4BEDE31E9F9CD1000DEACD /* SystemConfiguration.framework */; };
		6E4BEDE61E9F9CED000DEACD /* CoreTelephony.framework in Frameworks */ = {isa = PBXBuildFile; fileRef = 6E4BEDE51E9F9CED000DEACD /* CoreTelephony.framework */; };
		6E4BEDE81E9F9CF4000DEACD /* Security.framework in Frameworks */ = {isa = PBXBuildFile; fileRef = 6E4BEDE71E9F9CF4000DEACD /* Security.framework */; };
		750D03863A6F9E7E8B5DA238 /* Pods_iosblackcard.framework in Frameworks */ = {isa = PBXBuildFile; fileRef = F37C74929888D85D5B8BC7C5 /* Pods_iosblackcard.framework */; };
		A01EE35E1EA0542200FD8503 /* ShowImgView.swift in Sources */ = {isa = PBXBuildFile; fileRef = A01EE35D1EA0542200FD8503 /* ShowImgView.swift */; };
		A01EE3691EA0796500FD8503 /* BaseNavigationController.swift in Sources */ = {isa = PBXBuildFile; fileRef = A01EE3681EA0796500FD8503 /* BaseNavigationController.swift */; };
		A062E2421E9FB90300130125 /* RegistVC.swift in Sources */ = {isa = PBXBuildFile; fileRef = A062E2411E9FB90300130125 /* RegistVC.swift */; };
/* End PBXBuildFile section */

/* Begin PBXContainerItemProxy section */
		6E4BED691E9F9139000DEACD /* PBXContainerItemProxy */ = {
			isa = PBXContainerItemProxy;
			containerPortal = 6E4BED4C1E9F9138000DEACD /* Project object */;
			proxyType = 1;
			remoteGlobalIDString = 6E4BED531E9F9138000DEACD;
			remoteInfo = iosblackcard;
		};
		6E4BED741E9F9139000DEACD /* PBXContainerItemProxy */ = {
			isa = PBXContainerItemProxy;
			containerPortal = 6E4BED4C1E9F9138000DEACD /* Project object */;
			proxyType = 1;
			remoteGlobalIDString = 6E4BED531E9F9138000DEACD;
			remoteInfo = iosblackcard;
		};
/* End PBXContainerItemProxy section */

/* Begin PBXFileReference section */
		6E4BED541E9F9138000DEACD /* iosblackcard.app */ = {isa = PBXFileReference; explicitFileType = wrapper.application; includeInIndex = 0; path = iosblackcard.app; sourceTree = BUILT_PRODUCTS_DIR; };
		6E4BED681E9F9139000DEACD /* iosblackcardTests.xctest */ = {isa = PBXFileReference; explicitFileType = wrapper.cfbundle; includeInIndex = 0; path = iosblackcardTests.xctest; sourceTree = BUILT_PRODUCTS_DIR; };
		6E4BED6C1E9F9139000DEACD /* iosblackcardTests.swift */ = {isa = PBXFileReference; lastKnownFileType = sourcecode.swift; path = iosblackcardTests.swift; sourceTree = "<group>"; };
		6E4BED6E1E9F9139000DEACD /* Info.plist */ = {isa = PBXFileReference; lastKnownFileType = text.plist.xml; path = Info.plist; sourceTree = "<group>"; };
		6E4BED731E9F9139000DEACD /* iosblackcardUITests.xctest */ = {isa = PBXFileReference; explicitFileType = wrapper.cfbundle; includeInIndex = 0; path = iosblackcardUITests.xctest; sourceTree = BUILT_PRODUCTS_DIR; };
		6E4BED771E9F9139000DEACD /* iosblackcardUITests.swift */ = {isa = PBXFileReference; lastKnownFileType = sourcecode.swift; path = iosblackcardUITests.swift; sourceTree = "<group>"; };
		6E4BED791E9F9139000DEACD /* Info.plist */ = {isa = PBXFileReference; lastKnownFileType = text.plist.xml; path = Info.plist; sourceTree = "<group>"; };
		6E4BED861E9F9A18000DEACD /* AppAPIHelper.swift */ = {isa = PBXFileReference; fileEncoding = 4; lastKnownFileType = sourcecode.swift; path = AppAPIHelper.swift; sourceTree = "<group>"; };
		6E4BED871E9F9A18000DEACD /* HttpModelHelper.swift */ = {isa = PBXFileReference; fileEncoding = 4; lastKnownFileType = sourcecode.swift; path = HttpModelHelper.swift; sourceTree = "<group>"; };
		6E4BED881E9F9A18000DEACD /* HttpRequestManage.swift */ = {isa = PBXFileReference; fileEncoding = 4; lastKnownFileType = sourcecode.swift; path = HttpRequestManage.swift; sourceTree = "<group>"; };
		6E4BED931E9F9A18000DEACD /* libWeChatSDK.a */ = {isa = PBXFileReference; lastKnownFileType = archive.ar; path = libWeChatSDK.a; sourceTree = "<group>"; };
		6E4BED941E9F9A18000DEACD /* README.txt */ = {isa = PBXFileReference; fileEncoding = 4; lastKnownFileType = text; path = README.txt; sourceTree = "<group>"; };
		6E4BED951E9F9A18000DEACD /* WechatAuthSDK.h */ = {isa = PBXFileReference; fileEncoding = 4; lastKnownFileType = sourcecode.c.h; path = WechatAuthSDK.h; sourceTree = "<group>"; };
		6E4BED961E9F9A18000DEACD /* WXApi.h */ = {isa = PBXFileReference; fileEncoding = 4; lastKnownFileType = sourcecode.c.h; path = WXApi.h; sourceTree = "<group>"; };
		6E4BED971E9F9A18000DEACD /* WXApiObject.h */ = {isa = PBXFileReference; fileEncoding = 4; lastKnownFileType = sourcecode.c.h; path = WXApiObject.h; sourceTree = "<group>"; };
		6E4BED991E9F9A18000DEACD /* AppConst.swift */ = {isa = PBXFileReference; fileEncoding = 4; lastKnownFileType = sourcecode.swift; path = AppConst.swift; sourceTree = "<group>"; };
		6E4BED9C1E9F9A18000DEACD /* AppDelegate.swift */ = {isa = PBXFileReference; fileEncoding = 4; lastKnownFileType = sourcecode.swift; path = AppDelegate.swift; sourceTree = "<group>"; };
		6E4BED9D1E9F9A18000DEACD /* ViewController.swift */ = {isa = PBXFileReference; fileEncoding = 4; lastKnownFileType = sourcecode.swift; path = ViewController.swift; sourceTree = "<group>"; };
		6E4BEDA01E9F9A18000DEACD /* Contents.json */ = {isa = PBXFileReference; fileEncoding = 4; lastKnownFileType = text.json; path = Contents.json; sourceTree = "<group>"; };
		6E4BEDA21E9F9A18000DEACD /* Base */ = {isa = PBXFileReference; lastKnownFileType = file.storyboard; name = Base; path = Base.lproj/LaunchScreen.storyboard; sourceTree = "<group>"; };
		6E4BEDA41E9F9A18000DEACD /* Base */ = {isa = PBXFileReference; lastKnownFileType = file.storyboard; name = Base; path = Base.lproj/Main.storyboard; sourceTree = "<group>"; };
		6E4BEDA81E9F9A18000DEACD /* Info.plist */ = {isa = PBXFileReference; fileEncoding = 4; lastKnownFileType = text.plist.xml; path = Info.plist; sourceTree = "<group>"; };
		6E4BEDC11E9F9A61000DEACD /* AFNetworking.framework */ = {isa = PBXFileReference; lastKnownFileType = wrapper.framework; name = AFNetworking.framework; path = "Pods/../build/Debug-iphoneos/AFNetworking/AFNetworking.framework"; sourceTree = "<group>"; };
		6E4BEDC21E9F9A61000DEACD /* Alamofire.framework */ = {isa = PBXFileReference; lastKnownFileType = wrapper.framework; name = Alamofire.framework; path = "../../Library/Developer/Xcode/DerivedData/iosblackcard-djncflayrpazstevnmtbycudusih/Build/Products/Debug-iphonesimulator/Alamofire/Alamofire.framework"; sourceTree = "<group>"; };
		6E4BEDC31E9F9A61000DEACD /* HappyDNS.framework */ = {isa = PBXFileReference; lastKnownFileType = wrapper.framework; name = HappyDNS.framework; path = "Pods/../build/Debug-iphoneos/HappyDNS/HappyDNS.framework"; sourceTree = "<group>"; };
		6E4BEDC41E9F9A61000DEACD /* Kingfisher.framework */ = {isa = PBXFileReference; lastKnownFileType = wrapper.framework; name = Kingfisher.framework; path = "../../Library/Developer/Xcode/DerivedData/iosblackcard-djncflayrpazstevnmtbycudusih/Build/Products/Debug-iphonesimulator/Kingfisher/Kingfisher.framework"; sourceTree = "<group>"; };
		6E4BEDC51E9F9A61000DEACD /* Qiniu.framework */ = {isa = PBXFileReference; lastKnownFileType = wrapper.framework; name = Qiniu.framework; path = "Pods/../build/Debug-iphoneos/Qiniu/Qiniu.framework"; sourceTree = "<group>"; };
		6E4BEDC61E9F9A61000DEACD /* Realm.framework */ = {isa = PBXFileReference; lastKnownFileType = wrapper.framework; name = Realm.framework; path = "Pods/../build/Debug-iphoneos/Realm/Realm.framework"; sourceTree = "<group>"; };
		6E4BEDC71E9F9A61000DEACD /* RealmSwift.framework */ = {isa = PBXFileReference; lastKnownFileType = wrapper.framework; name = RealmSwift.framework; path = "Pods/../build/Debug-iphoneos/RealmSwift/RealmSwift.framework"; sourceTree = "<group>"; };
		6E4BEDC81E9F9A61000DEACD /* SnapKit.framework */ = {isa = PBXFileReference; lastKnownFileType = wrapper.framework; name = SnapKit.framework; path = "../../Library/Developer/Xcode/DerivedData/iosblackcard-djncflayrpazstevnmtbycudusih/Build/Products/Debug-iphonesimulator/SnapKit/SnapKit.framework"; sourceTree = "<group>"; };
		6E4BEDC91E9F9A61000DEACD /* SVProgressHUD.framework */ = {isa = PBXFileReference; lastKnownFileType = wrapper.framework; name = SVProgressHUD.framework; path = "Pods/../build/Debug-iphoneos/SVProgressHUD/SVProgressHUD.framework"; sourceTree = "<group>"; };
		6E4BEDD31E9F9B3C000DEACD /* SVProgressHUDExt.swift */ = {isa = PBXFileReference; fileEncoding = 4; lastKnownFileType = sourcecode.swift; path = SVProgressHUDExt.swift; sourceTree = "<group>"; };
		6E4BEDD51E9F9B48000DEACD /* String+Extension.swift */ = {isa = PBXFileReference; fileEncoding = 4; lastKnownFileType = sourcecode.swift; path = "String+Extension.swift"; sourceTree = "<group>"; };
		6E4BEDD71E9F9B7C000DEACD /* iosblackcard-Bridging-Header.h */ = {isa = PBXFileReference; lastKnownFileType = sourcecode.c.h; name = "iosblackcard-Bridging-Header.h"; path = "../Other/iosblackcard-Bridging-Header.h"; sourceTree = "<group>"; };
		6E4BEDDB1E9F9C29000DEACD /* libstdc++.tbd */ = {isa = PBXFileReference; lastKnownFileType = "sourcecode.text-based-dylib-definition"; name = "libstdc++.tbd"; path = "usr/lib/libstdc++.tbd"; sourceTree = SDKROOT; };
		6E4BEDDD1E9F9C33000DEACD /* libsqlite3.tbd */ = {isa = PBXFileReference; lastKnownFileType = "sourcecode.text-based-dylib-definition"; name = libsqlite3.tbd; path = usr/lib/libsqlite3.tbd; sourceTree = SDKROOT; };
		6E4BEDDF1E9F9C49000DEACD /* libz.tbd */ = {isa = PBXFileReference; lastKnownFileType = "sourcecode.text-based-dylib-definition"; name = libz.tbd; path = usr/lib/libz.tbd; sourceTree = SDKROOT; };
		6E4BEDE11E9F9C75000DEACD /* CFNetwork.framework */ = {isa = PBXFileReference; lastKnownFileType = wrapper.framework; name = CFNetwork.framework; path = System/Library/Frameworks/CFNetwork.framework; sourceTree = SDKROOT; };
		6E4BEDE31E9F9CD1000DEACD /* SystemConfiguration.framework */ = {isa = PBXFileReference; lastKnownFileType = wrapper.framework; name = SystemConfiguration.framework; path = System/Library/Frameworks/SystemConfiguration.framework; sourceTree = SDKROOT; };
		6E4BEDE51E9F9CED000DEACD /* CoreTelephony.framework */ = {isa = PBXFileReference; lastKnownFileType = wrapper.framework; name = CoreTelephony.framework; path = System/Library/Frameworks/CoreTelephony.framework; sourceTree = SDKROOT; };
		6E4BEDE71E9F9CF4000DEACD /* Security.framework */ = {isa = PBXFileReference; lastKnownFileType = wrapper.framework; name = Security.framework; path = System/Library/Frameworks/Security.framework; sourceTree = SDKROOT; };
		930268F7BDDA72E56B04CD7D /* Pods-iosblackcard.debug.xcconfig */ = {isa = PBXFileReference; includeInIndex = 1; lastKnownFileType = text.xcconfig; name = "Pods-iosblackcard.debug.xcconfig"; path = "Pods/Target Support Files/Pods-iosblackcard/Pods-iosblackcard.debug.xcconfig"; sourceTree = "<group>"; };
		A01EE35D1EA0542200FD8503 /* ShowImgView.swift */ = {isa = PBXFileReference; fileEncoding = 4; lastKnownFileType = sourcecode.swift; path = ShowImgView.swift; sourceTree = "<group>"; };
		A01EE3681EA0796500FD8503 /* BaseNavigationController.swift */ = {isa = PBXFileReference; fileEncoding = 4; lastKnownFileType = sourcecode.swift; path = BaseNavigationController.swift; sourceTree = "<group>"; };
		A062E2411E9FB90300130125 /* RegistVC.swift */ = {isa = PBXFileReference; fileEncoding = 4; lastKnownFileType = sourcecode.swift; name = RegistVC.swift; path = "iosblackcard/Login&Regist/RegistVC.swift"; sourceTree = SOURCE_ROOT; };
		C152F06A0714394665334365 /* Pods-iosblackcard.release.xcconfig */ = {isa = PBXFileReference; includeInIndex = 1; lastKnownFileType = text.xcconfig; name = "Pods-iosblackcard.release.xcconfig"; path = "Pods/Target Support Files/Pods-iosblackcard/Pods-iosblackcard.release.xcconfig"; sourceTree = "<group>"; };
		F37C74929888D85D5B8BC7C5 /* Pods_iosblackcard.framework */ = {isa = PBXFileReference; explicitFileType = wrapper.framework; includeInIndex = 0; path = Pods_iosblackcard.framework; sourceTree = BUILT_PRODUCTS_DIR; };
/* End PBXFileReference section */

/* Begin PBXFrameworksBuildPhase section */
		6E4BED511E9F9138000DEACD /* Frameworks */ = {
			isa = PBXFrameworksBuildPhase;
			buildActionMask = 2147483647;
			files = (
				6E4BEDE81E9F9CF4000DEACD /* Security.framework in Frameworks */,
				6E4BEDE61E9F9CED000DEACD /* CoreTelephony.framework in Frameworks */,
				6E4BEDE41E9F9CD1000DEACD /* SystemConfiguration.framework in Frameworks */,
				6E4BEDE21E9F9C75000DEACD /* CFNetwork.framework in Frameworks */,
				6E4BEDE01E9F9C49000DEACD /* libz.tbd in Frameworks */,
				6E4BEDDE1E9F9C33000DEACD /* libsqlite3.tbd in Frameworks */,
				6E4BEDDC1E9F9C29000DEACD /* libstdc++.tbd in Frameworks */,
				6E4BEDCA1E9F9A61000DEACD /* AFNetworking.framework in Frameworks */,
				6E4BEDCB1E9F9A61000DEACD /* Alamofire.framework in Frameworks */,
				6E4BEDCC1E9F9A61000DEACD /* HappyDNS.framework in Frameworks */,
				6E4BEDCD1E9F9A61000DEACD /* Kingfisher.framework in Frameworks */,
				6E4BEDCE1E9F9A61000DEACD /* Qiniu.framework in Frameworks */,
				6E4BEDCF1E9F9A61000DEACD /* Realm.framework in Frameworks */,
				6E4BEDD01E9F9A61000DEACD /* RealmSwift.framework in Frameworks */,
				6E4BEDD11E9F9A61000DEACD /* SnapKit.framework in Frameworks */,
				6E4BEDD21E9F9A61000DEACD /* SVProgressHUD.framework in Frameworks */,
				6E4BEDB81E9F9A18000DEACD /* libWeChatSDK.a in Frameworks */,
				750D03863A6F9E7E8B5DA238 /* Pods_iosblackcard.framework in Frameworks */,
			);
			runOnlyForDeploymentPostprocessing = 0;
		};
		6E4BED651E9F9139000DEACD /* Frameworks */ = {
			isa = PBXFrameworksBuildPhase;
			buildActionMask = 2147483647;
			files = (
			);
			runOnlyForDeploymentPostprocessing = 0;
		};
		6E4BED701E9F9139000DEACD /* Frameworks */ = {
			isa = PBXFrameworksBuildPhase;
			buildActionMask = 2147483647;
			files = (
			);
			runOnlyForDeploymentPostprocessing = 0;
		};
/* End PBXFrameworksBuildPhase section */

/* Begin PBXGroup section */
		6E4BED4B1E9F9138000DEACD = {
			isa = PBXGroup;
			children = (
				6E4BED561E9F9138000DEACD /* iosblackcard */,
				6E4BED6B1E9F9139000DEACD /* iosblackcardTests */,
				6E4BED761E9F9139000DEACD /* iosblackcardUITests */,
				6E4BED551E9F9138000DEACD /* Products */,
				F4416DEC1DE5FF0A1D9BFFA6 /* Pods */,
				C224A0BFBD5FC845E9207369 /* Frameworks */,
			);
			sourceTree = "<group>";
		};
		6E4BED551E9F9138000DEACD /* Products */ = {
			isa = PBXGroup;
			children = (
				6E4BED541E9F9138000DEACD /* iosblackcard.app */,
				6E4BED681E9F9139000DEACD /* iosblackcardTests.xctest */,
				6E4BED731E9F9139000DEACD /* iosblackcardUITests.xctest */,
			);
			name = Products;
			sourceTree = "<group>";
		};
		6E4BED561E9F9138000DEACD /* iosblackcard */ = {
			isa = PBXGroup;
			children = (
				6E4BED851E9F9A18000DEACD /* AppAPI */,
				6E4BED891E9F9A18000DEACD /* General */,
				6E4BED911E9F9A18000DEACD /* Library */,
				6E4BED981E9F9A18000DEACD /* Marco */,
				6E4BED9A1E9F9A18000DEACD /* Model */,
				6E4BED9B1E9F9A18000DEACD /* Other */,
				6E4BED9E1E9F9A18000DEACD /* Resource */,
				6E4BEDAA1E9F9A18000DEACD /* Scenes */,
			);
			path = iosblackcard;
			sourceTree = "<group>";
		};
		6E4BED6B1E9F9139000DEACD /* iosblackcardTests */ = {
			isa = PBXGroup;
			children = (
				6E4BED6C1E9F9139000DEACD /* iosblackcardTests.swift */,
				6E4BED6E1E9F9139000DEACD /* Info.plist */,
			);
			path = iosblackcardTests;
			sourceTree = "<group>";
		};
		6E4BED761E9F9139000DEACD /* iosblackcardUITests */ = {
			isa = PBXGroup;
			children = (
				6E4BED771E9F9139000DEACD /* iosblackcardUITests.swift */,
				6E4BED791E9F9139000DEACD /* Info.plist */,
			);
			path = iosblackcardUITests;
			sourceTree = "<group>";
		};
		6E4BED851E9F9A18000DEACD /* AppAPI */ = {
			isa = PBXGroup;
			children = (
				6E4BED861E9F9A18000DEACD /* AppAPIHelper.swift */,
				6E4BED871E9F9A18000DEACD /* HttpModelHelper.swift */,
				6E4BED881E9F9A18000DEACD /* HttpRequestManage.swift */,
			);
			path = AppAPI;
			sourceTree = "<group>";
		};
		6E4BED891E9F9A18000DEACD /* General */ = {
			isa = PBXGroup;
			children = (
				A01EE3671EA0796500FD8503 /* Base */,
				6E4BED8F1E9F9A18000DEACD /* Extension */,
				6E4BED901E9F9A18000DEACD /* Helper */,
			);
			path = General;
			sourceTree = "<group>";
		};
		6E4BED8F1E9F9A18000DEACD /* Extension */ = {
			isa = PBXGroup;
			children = (
				6E4BEDD31E9F9B3C000DEACD /* SVProgressHUDExt.swift */,
				6E4BEDD51E9F9B48000DEACD /* String+Extension.swift */,
			);
			path = Extension;
			sourceTree = "<group>";
		};
		6E4BED901E9F9A18000DEACD /* Helper */ = {
			isa = PBXGroup;
			children = (
			);
			path = Helper;
			sourceTree = "<group>";
		};
		6E4BED911E9F9A18000DEACD /* Library */ = {
			isa = PBXGroup;
			children = (
				6E4BED921E9F9A18000DEACD /* WeChatSDK1.7.4 */,
			);
			path = Library;
			sourceTree = "<group>";
		};
		6E4BED921E9F9A18000DEACD /* WeChatSDK1.7.4 */ = {
			isa = PBXGroup;
			children = (
				6E4BED931E9F9A18000DEACD /* libWeChatSDK.a */,
				6E4BED941E9F9A18000DEACD /* README.txt */,
				6E4BED951E9F9A18000DEACD /* WechatAuthSDK.h */,
				6E4BED961E9F9A18000DEACD /* WXApi.h */,
				6E4BED971E9F9A18000DEACD /* WXApiObject.h */,
			);
			path = WeChatSDK1.7.4;
			sourceTree = "<group>";
		};
		6E4BED981E9F9A18000DEACD /* Marco */ = {
			isa = PBXGroup;
			children = (
				6E4BED991E9F9A18000DEACD /* AppConst.swift */,
				6E4BEDD71E9F9B7C000DEACD /* iosblackcard-Bridging-Header.h */,
			);
			path = Marco;
			sourceTree = "<group>";
		};
		6E4BED9A1E9F9A18000DEACD /* Model */ = {
			isa = PBXGroup;
			children = (
			);
			path = Model;
			sourceTree = "<group>";
		};
		6E4BED9B1E9F9A18000DEACD /* Other */ = {
			isa = PBXGroup;
			children = (
				A01EE35C1EA053E800FD8503 /* CustomerView */,
				6E4BED9C1E9F9A18000DEACD /* AppDelegate.swift */,
				6E4BED9D1E9F9A18000DEACD /* ViewController.swift */,
			);
			path = Other;
			sourceTree = "<group>";
		};
		6E4BED9E1E9F9A18000DEACD /* Resource */ = {
			isa = PBXGroup;
			children = (
				6E4BED9F1E9F9A18000DEACD /* AppIcon.appiconset */,
				6E4BEDA11E9F9A18000DEACD /* LaunchScreen.storyboard */,
				6E4BEDA31E9F9A18000DEACD /* Main.storyboard */,
				6E4BEDA51E9F9A18000DEACD /* html */,
				6E4BEDA61E9F9A18000DEACD /* image */,
				6E4BEDA71E9F9A18000DEACD /* plist */,
				6E4BEDA91E9F9A18000DEACD /* storyboard */,
			);
			path = Resource;
			sourceTree = "<group>";
		};
		6E4BED9F1E9F9A18000DEACD /* AppIcon.appiconset */ = {
			isa = PBXGroup;
			children = (
				6E4BEDA01E9F9A18000DEACD /* Contents.json */,
			);
			path = AppIcon.appiconset;
			sourceTree = "<group>";
		};
		6E4BEDA51E9F9A18000DEACD /* html */ = {
			isa = PBXGroup;
			children = (
			);
			path = html;
			sourceTree = "<group>";
		};
		6E4BEDA61E9F9A18000DEACD /* image */ = {
			isa = PBXGroup;
			children = (
			);
			path = image;
			sourceTree = "<group>";
		};
		6E4BEDA71E9F9A18000DEACD /* plist */ = {
			isa = PBXGroup;
			children = (
				6E4BEDA81E9F9A18000DEACD /* Info.plist */,
			);
			path = plist;
			sourceTree = "<group>";
		};
		6E4BEDA91E9F9A18000DEACD /* storyboard */ = {
			isa = PBXGroup;
			children = (
			);
			path = storyboard;
			sourceTree = "<group>";
		};
		6E4BEDAA1E9F9A18000DEACD /* Scenes */ = {
			isa = PBXGroup;
			children = (
				6E4BEDAB1E9F9A18000DEACD /* Club */,
				6E4BEDAC1E9F9A18000DEACD /* Login */,
				6E4BEDAD1E9F9A18000DEACD /* PrivateAdvisoryBoard */,
				6E4BEDAE1E9F9A18000DEACD /* Steward */,
				6E4BEDAF1E9F9A18000DEACD /* Tribe */,
				6E4BEDB01E9F9A18000DEACD /* User */,
			);
			path = Scenes;
			sourceTree = "<group>";
		};
		6E4BEDAB1E9F9A18000DEACD /* Club */ = {
			isa = PBXGroup;
			children = (
			);
			path = Club;
			sourceTree = "<group>";
		};
		6E4BEDAC1E9F9A18000DEACD /* Login */ = {
			isa = PBXGroup;
			children = (
				A062E2411E9FB90300130125 /* RegistVC.swift */,
			);
			path = Login;
			sourceTree = "<group>";
		};
		6E4BEDAD1E9F9A18000DEACD /* PrivateAdvisoryBoard */ = {
			isa = PBXGroup;
			children = (
			);
			path = PrivateAdvisoryBoard;
			sourceTree = "<group>";
		};
		6E4BEDAE1E9F9A18000DEACD /* Steward */ = {
			isa = PBXGroup;
			children = (
			);
			path = Steward;
			sourceTree = "<group>";
		};
		6E4BEDAF1E9F9A18000DEACD /* Tribe */ = {
			isa = PBXGroup;
			children = (
			);
			path = Tribe;
			sourceTree = "<group>";
		};
		6E4BEDB01E9F9A18000DEACD /* User */ = {
			isa = PBXGroup;
			children = (
			);
			path = User;
			sourceTree = "<group>";
		};
		A01EE35C1EA053E800FD8503 /* CustomerView */ = {
			isa = PBXGroup;
			children = (
				A01EE35D1EA0542200FD8503 /* ShowImgView.swift */,
			);
			path = CustomerView;
			sourceTree = "<group>";
		};
		A01EE3671EA0796500FD8503 /* Base */ = {
			isa = PBXGroup;
			children = (
				A01EE3681EA0796500FD8503 /* BaseNavigationController.swift */,
			);
			path = Base;
			sourceTree = "<group>";
		};
		C224A0BFBD5FC845E9207369 /* Frameworks */ = {
			isa = PBXGroup;
			children = (
				6E4BEDE71E9F9CF4000DEACD /* Security.framework */,
				6E4BEDE51E9F9CED000DEACD /* CoreTelephony.framework */,
				6E4BEDE31E9F9CD1000DEACD /* SystemConfiguration.framework */,
				6E4BEDE11E9F9C75000DEACD /* CFNetwork.framework */,
				6E4BEDDF1E9F9C49000DEACD /* libz.tbd */,
				6E4BEDDD1E9F9C33000DEACD /* libsqlite3.tbd */,
				6E4BEDDB1E9F9C29000DEACD /* libstdc++.tbd */,
				6E4BEDC11E9F9A61000DEACD /* AFNetworking.framework */,
				6E4BEDC21E9F9A61000DEACD /* Alamofire.framework */,
				6E4BEDC31E9F9A61000DEACD /* HappyDNS.framework */,
				6E4BEDC41E9F9A61000DEACD /* Kingfisher.framework */,
				6E4BEDC51E9F9A61000DEACD /* Qiniu.framework */,
				6E4BEDC61E9F9A61000DEACD /* Realm.framework */,
				6E4BEDC71E9F9A61000DEACD /* RealmSwift.framework */,
				6E4BEDC81E9F9A61000DEACD /* SnapKit.framework */,
				6E4BEDC91E9F9A61000DEACD /* SVProgressHUD.framework */,
				F37C74929888D85D5B8BC7C5 /* Pods_iosblackcard.framework */,
			);
			name = Frameworks;
			sourceTree = "<group>";
		};
		F4416DEC1DE5FF0A1D9BFFA6 /* Pods */ = {
			isa = PBXGroup;
			children = (
				930268F7BDDA72E56B04CD7D /* Pods-iosblackcard.debug.xcconfig */,
				C152F06A0714394665334365 /* Pods-iosblackcard.release.xcconfig */,
			);
			name = Pods;
			sourceTree = "<group>";
		};
/* End PBXGroup section */

/* Begin PBXNativeTarget section */
		6E4BED531E9F9138000DEACD /* iosblackcard */ = {
			isa = PBXNativeTarget;
			buildConfigurationList = 6E4BED7C1E9F9139000DEACD /* Build configuration list for PBXNativeTarget "iosblackcard" */;
			buildPhases = (
				06F8AC9FFC9E6CD27595D191 /* [CP] Check Pods Manifest.lock */,
				6E4BED501E9F9138000DEACD /* Sources */,
				6E4BED511E9F9138000DEACD /* Frameworks */,
				6E4BED521E9F9138000DEACD /* Resources */,
				887BCE6F70C3961CC52D73F7 /* [CP] Embed Pods Frameworks */,
				1AB4098D089531A9692C77CE /* [CP] Copy Pods Resources */,
			);
			buildRules = (
			);
			dependencies = (
			);
			name = iosblackcard;
			productName = iosblackcard;
			productReference = 6E4BED541E9F9138000DEACD /* iosblackcard.app */;
			productType = "com.apple.product-type.application";
		};
		6E4BED671E9F9139000DEACD /* iosblackcardTests */ = {
			isa = PBXNativeTarget;
			buildConfigurationList = 6E4BED7F1E9F9139000DEACD /* Build configuration list for PBXNativeTarget "iosblackcardTests" */;
			buildPhases = (
				6E4BED641E9F9139000DEACD /* Sources */,
				6E4BED651E9F9139000DEACD /* Frameworks */,
				6E4BED661E9F9139000DEACD /* Resources */,
			);
			buildRules = (
			);
			dependencies = (
				6E4BED6A1E9F9139000DEACD /* PBXTargetDependency */,
			);
			name = iosblackcardTests;
			productName = iosblackcardTests;
			productReference = 6E4BED681E9F9139000DEACD /* iosblackcardTests.xctest */;
			productType = "com.apple.product-type.bundle.unit-test";
		};
		6E4BED721E9F9139000DEACD /* iosblackcardUITests */ = {
			isa = PBXNativeTarget;
			buildConfigurationList = 6E4BED821E9F9139000DEACD /* Build configuration list for PBXNativeTarget "iosblackcardUITests" */;
			buildPhases = (
				6E4BED6F1E9F9139000DEACD /* Sources */,
				6E4BED701E9F9139000DEACD /* Frameworks */,
				6E4BED711E9F9139000DEACD /* Resources */,
			);
			buildRules = (
			);
			dependencies = (
				6E4BED751E9F9139000DEACD /* PBXTargetDependency */,
			);
			name = iosblackcardUITests;
			productName = iosblackcardUITests;
			productReference = 6E4BED731E9F9139000DEACD /* iosblackcardUITests.xctest */;
			productType = "com.apple.product-type.bundle.ui-testing";
		};
/* End PBXNativeTarget section */

/* Begin PBXProject section */
		6E4BED4C1E9F9138000DEACD /* Project object */ = {
			isa = PBXProject;
			attributes = {
				LastSwiftUpdateCheck = 0820;
				LastUpgradeCheck = 0820;
				ORGANIZATIONNAME = YunDian;
				TargetAttributes = {
					6E4BED531E9F9138000DEACD = {
						CreatedOnToolsVersion = 8.2;
						LastSwiftMigration = 0820;
						ProvisioningStyle = Automatic;
					};
					6E4BED671E9F9139000DEACD = {
						CreatedOnToolsVersion = 8.2;
						ProvisioningStyle = Automatic;
						TestTargetID = 6E4BED531E9F9138000DEACD;
					};
					6E4BED721E9F9139000DEACD = {
						CreatedOnToolsVersion = 8.2;
						ProvisioningStyle = Automatic;
						TestTargetID = 6E4BED531E9F9138000DEACD;
					};
				};
			};
			buildConfigurationList = 6E4BED4F1E9F9138000DEACD /* Build configuration list for PBXProject "iosblackcard" */;
			compatibilityVersion = "Xcode 3.2";
			developmentRegion = English;
			hasScannedForEncodings = 0;
			knownRegions = (
				en,
				Base,
			);
			mainGroup = 6E4BED4B1E9F9138000DEACD;
			productRefGroup = 6E4BED551E9F9138000DEACD /* Products */;
			projectDirPath = "";
			projectRoot = "";
			targets = (
				6E4BED531E9F9138000DEACD /* iosblackcard */,
				6E4BED671E9F9139000DEACD /* iosblackcardTests */,
				6E4BED721E9F9139000DEACD /* iosblackcardUITests */,
			);
		};
/* End PBXProject section */

/* Begin PBXResourcesBuildPhase section */
		6E4BED521E9F9138000DEACD /* Resources */ = {
			isa = PBXResourcesBuildPhase;
			buildActionMask = 2147483647;
			files = (
				6E4BEDBE1E9F9A18000DEACD /* LaunchScreen.storyboard in Resources */,
				6E4BEDB91E9F9A18000DEACD /* README.txt in Resources */,
				6E4BEDBD1E9F9A18000DEACD /* Contents.json in Resources */,
				6E4BEDC01E9F9A18000DEACD /* Info.plist in Resources */,
				6E4BEDBF1E9F9A18000DEACD /* Main.storyboard in Resources */,
			);
			runOnlyForDeploymentPostprocessing = 0;
		};
		6E4BED661E9F9139000DEACD /* Resources */ = {
			isa = PBXResourcesBuildPhase;
			buildActionMask = 2147483647;
			files = (
			);
			runOnlyForDeploymentPostprocessing = 0;
		};
		6E4BED711E9F9139000DEACD /* Resources */ = {
			isa = PBXResourcesBuildPhase;
			buildActionMask = 2147483647;
			files = (
			);
			runOnlyForDeploymentPostprocessing = 0;
		};
/* End PBXResourcesBuildPhase section */

/* Begin PBXShellScriptBuildPhase section */
		06F8AC9FFC9E6CD27595D191 /* [CP] Check Pods Manifest.lock */ = {
			isa = PBXShellScriptBuildPhase;
			buildActionMask = 2147483647;
			files = (
			);
			inputPaths = (
			);
			name = "[CP] Check Pods Manifest.lock";
			outputPaths = (
			);
			runOnlyForDeploymentPostprocessing = 0;
			shellPath = /bin/sh;
			shellScript = "diff \"${PODS_ROOT}/../Podfile.lock\" \"${PODS_ROOT}/Manifest.lock\" > /dev/null\nif [ $? != 0 ] ; then\n    # print error to STDERR\n    echo \"error: The sandbox is not in sync with the Podfile.lock. Run 'pod install' or update your CocoaPods installation.\" >&2\n    exit 1\nfi\n";
			showEnvVarsInLog = 0;
		};
		1AB4098D089531A9692C77CE /* [CP] Copy Pods Resources */ = {
			isa = PBXShellScriptBuildPhase;
			buildActionMask = 2147483647;
			files = (
			);
			inputPaths = (
			);
			name = "[CP] Copy Pods Resources";
			outputPaths = (
			);
			runOnlyForDeploymentPostprocessing = 0;
			shellPath = /bin/sh;
			shellScript = "\"${SRCROOT}/Pods/Target Support Files/Pods-iosblackcard/Pods-iosblackcard-resources.sh\"\n";
			showEnvVarsInLog = 0;
		};
		887BCE6F70C3961CC52D73F7 /* [CP] Embed Pods Frameworks */ = {
			isa = PBXShellScriptBuildPhase;
			buildActionMask = 2147483647;
			files = (
			);
			inputPaths = (
			);
			name = "[CP] Embed Pods Frameworks";
			outputPaths = (
			);
			runOnlyForDeploymentPostprocessing = 0;
			shellPath = /bin/sh;
			shellScript = "\"${PODS_ROOT}/Fabric/run\" 13b0dd85b007ad78249b02fc26fa3972dff8da79 09fbffcee88c3bfa1086819566cdaf4b4c0f451fe57b9699cd9525804778308d";
			showEnvVarsInLog = 0;
		};
/* End PBXShellScriptBuildPhase section */

/* Begin PBXSourcesBuildPhase section */
		6E4BED501E9F9138000DEACD /* Sources */ = {
			isa = PBXSourcesBuildPhase;
			buildActionMask = 2147483647;
			files = (
				6E4BEDD61E9F9B48000DEACD /* String+Extension.swift in Sources */,
				6E4BEDBC1E9F9A18000DEACD /* ViewController.swift in Sources */,
				6E4BEDBA1E9F9A18000DEACD /* AppConst.swift in Sources */,
				6E4BEDB11E9F9A18000DEACD /* AppAPIHelper.swift in Sources */,
				6E4BEDBB1E9F9A18000DEACD /* AppDelegate.swift in Sources */,
				6E4BEDB21E9F9A18000DEACD /* HttpModelHelper.swift in Sources */,
				6E4BEDB31E9F9A18000DEACD /* HttpRequestManage.swift in Sources */,
				A01EE3691EA0796500FD8503 /* BaseNavigationController.swift in Sources */,
				A01EE35E1EA0542200FD8503 /* ShowImgView.swift in Sources */,
				A062E2421E9FB90300130125 /* RegistVC.swift in Sources */,
				6E4BEDD41E9F9B3C000DEACD /* SVProgressHUDExt.swift in Sources */,
			);
			runOnlyForDeploymentPostprocessing = 0;
		};
		6E4BED641E9F9139000DEACD /* Sources */ = {
			isa = PBXSourcesBuildPhase;
			buildActionMask = 2147483647;
			files = (
				6E4BED6D1E9F9139000DEACD /* iosblackcardTests.swift in Sources */,
			);
			runOnlyForDeploymentPostprocessing = 0;
		};
		6E4BED6F1E9F9139000DEACD /* Sources */ = {
			isa = PBXSourcesBuildPhase;
			buildActionMask = 2147483647;
			files = (
				6E4BED781E9F9139000DEACD /* iosblackcardUITests.swift in Sources */,
			);
			runOnlyForDeploymentPostprocessing = 0;
		};
/* End PBXSourcesBuildPhase section */

/* Begin PBXTargetDependency section */
		6E4BED6A1E9F9139000DEACD /* PBXTargetDependency */ = {
			isa = PBXTargetDependency;
			target = 6E4BED531E9F9138000DEACD /* iosblackcard */;
			targetProxy = 6E4BED691E9F9139000DEACD /* PBXContainerItemProxy */;
		};
		6E4BED751E9F9139000DEACD /* PBXTargetDependency */ = {
			isa = PBXTargetDependency;
			target = 6E4BED531E9F9138000DEACD /* iosblackcard */;
			targetProxy = 6E4BED741E9F9139000DEACD /* PBXContainerItemProxy */;
		};
/* End PBXTargetDependency section */

/* Begin PBXVariantGroup section */
		6E4BEDA11E9F9A18000DEACD /* LaunchScreen.storyboard */ = {
			isa = PBXVariantGroup;
			children = (
				6E4BEDA21E9F9A18000DEACD /* Base */,
			);
			name = LaunchScreen.storyboard;
			sourceTree = "<group>";
		};
		6E4BEDA31E9F9A18000DEACD /* Main.storyboard */ = {
			isa = PBXVariantGroup;
			children = (
				6E4BEDA41E9F9A18000DEACD /* Base */,
			);
			name = Main.storyboard;
			sourceTree = "<group>";
		};
/* End PBXVariantGroup section */

/* Begin XCBuildConfiguration section */
		6E4BED7A1E9F9139000DEACD /* Debug */ = {
			isa = XCBuildConfiguration;
			buildSettings = {
				ALWAYS_SEARCH_USER_PATHS = NO;
				CLANG_ANALYZER_NONNULL = YES;
				CLANG_CXX_LANGUAGE_STANDARD = "gnu++0x";
				CLANG_CXX_LIBRARY = "libc++";
				CLANG_ENABLE_MODULES = YES;
				CLANG_ENABLE_OBJC_ARC = YES;
				CLANG_WARN_BOOL_CONVERSION = YES;
				CLANG_WARN_CONSTANT_CONVERSION = YES;
				CLANG_WARN_DIRECT_OBJC_ISA_USAGE = YES_ERROR;
				CLANG_WARN_DOCUMENTATION_COMMENTS = YES;
				CLANG_WARN_EMPTY_BODY = YES;
				CLANG_WARN_ENUM_CONVERSION = YES;
				CLANG_WARN_INFINITE_RECURSION = YES;
				CLANG_WARN_INT_CONVERSION = YES;
				CLANG_WARN_OBJC_ROOT_CLASS = YES_ERROR;
				CLANG_WARN_SUSPICIOUS_MOVE = YES;
				CLANG_WARN_UNREACHABLE_CODE = YES;
				CLANG_WARN__DUPLICATE_METHOD_MATCH = YES;
				"CODE_SIGN_IDENTITY[sdk=iphoneos*]" = "iPhone Developer";
				COPY_PHASE_STRIP = NO;
				DEBUG_INFORMATION_FORMAT = dwarf;
				ENABLE_STRICT_OBJC_MSGSEND = YES;
				ENABLE_TESTABILITY = YES;
				GCC_C_LANGUAGE_STANDARD = gnu99;
				GCC_DYNAMIC_NO_PIC = NO;
				GCC_NO_COMMON_BLOCKS = YES;
				GCC_OPTIMIZATION_LEVEL = 0;
				GCC_PREPROCESSOR_DEFINITIONS = (
					"DEBUG=1",
					"$(inherited)",
				);
				GCC_WARN_64_TO_32_BIT_CONVERSION = YES;
				GCC_WARN_ABOUT_RETURN_TYPE = YES_ERROR;
				GCC_WARN_UNDECLARED_SELECTOR = YES;
				GCC_WARN_UNINITIALIZED_AUTOS = YES_AGGRESSIVE;
				GCC_WARN_UNUSED_FUNCTION = YES;
				GCC_WARN_UNUSED_VARIABLE = YES;
				IPHONEOS_DEPLOYMENT_TARGET = 10.2;
				MTL_ENABLE_DEBUG_INFO = YES;
				ONLY_ACTIVE_ARCH = YES;
				SDKROOT = iphoneos;
				SWIFT_ACTIVE_COMPILATION_CONDITIONS = DEBUG;
				SWIFT_OPTIMIZATION_LEVEL = "-Onone";
				TARGETED_DEVICE_FAMILY = "1,2";
			};
			name = Debug;
		};
		6E4BED7B1E9F9139000DEACD /* Release */ = {
			isa = XCBuildConfiguration;
			buildSettings = {
				ALWAYS_SEARCH_USER_PATHS = NO;
				CLANG_ANALYZER_NONNULL = YES;
				CLANG_CXX_LANGUAGE_STANDARD = "gnu++0x";
				CLANG_CXX_LIBRARY = "libc++";
				CLANG_ENABLE_MODULES = YES;
				CLANG_ENABLE_OBJC_ARC = YES;
				CLANG_WARN_BOOL_CONVERSION = YES;
				CLANG_WARN_CONSTANT_CONVERSION = YES;
				CLANG_WARN_DIRECT_OBJC_ISA_USAGE = YES_ERROR;
				CLANG_WARN_DOCUMENTATION_COMMENTS = YES;
				CLANG_WARN_EMPTY_BODY = YES;
				CLANG_WARN_ENUM_CONVERSION = YES;
				CLANG_WARN_INFINITE_RECURSION = YES;
				CLANG_WARN_INT_CONVERSION = YES;
				CLANG_WARN_OBJC_ROOT_CLASS = YES_ERROR;
				CLANG_WARN_SUSPICIOUS_MOVE = YES;
				CLANG_WARN_UNREACHABLE_CODE = YES;
				CLANG_WARN__DUPLICATE_METHOD_MATCH = YES;
				"CODE_SIGN_IDENTITY[sdk=iphoneos*]" = "iPhone Developer";
				COPY_PHASE_STRIP = NO;
				DEBUG_INFORMATION_FORMAT = "dwarf-with-dsym";
				ENABLE_NS_ASSERTIONS = NO;
				ENABLE_STRICT_OBJC_MSGSEND = YES;
				GCC_C_LANGUAGE_STANDARD = gnu99;
				GCC_NO_COMMON_BLOCKS = YES;
				GCC_WARN_64_TO_32_BIT_CONVERSION = YES;
				GCC_WARN_ABOUT_RETURN_TYPE = YES_ERROR;
				GCC_WARN_UNDECLARED_SELECTOR = YES;
				GCC_WARN_UNINITIALIZED_AUTOS = YES_AGGRESSIVE;
				GCC_WARN_UNUSED_FUNCTION = YES;
				GCC_WARN_UNUSED_VARIABLE = YES;
				IPHONEOS_DEPLOYMENT_TARGET = 10.2;
				MTL_ENABLE_DEBUG_INFO = NO;
				SDKROOT = iphoneos;
				SWIFT_OPTIMIZATION_LEVEL = "-Owholemodule";
				TARGETED_DEVICE_FAMILY = "1,2";
				VALIDATE_PRODUCT = YES;
			};
			name = Release;
		};
		6E4BED7D1E9F9139000DEACD /* Debug */ = {
			isa = XCBuildConfiguration;
			baseConfigurationReference = 930268F7BDDA72E56B04CD7D /* Pods-iosblackcard.debug.xcconfig */;
			buildSettings = {
				ASSETCATALOG_COMPILER_APPICON_NAME = AppIcon;
				CLANG_ENABLE_MODULES = YES;
				FRAMEWORK_SEARCH_PATHS = (
					"$(inherited)",
					"$(PROJECT_DIR)/build/Debug-iphoneos/AFNetworking",
					"$(PROJECT_DIR)/build/Debug-iphoneos/HappyDNS",
					"$(PROJECT_DIR)/build/Debug-iphoneos/Qiniu",
					"$(PROJECT_DIR)/build/Debug-iphoneos/Realm",
					"$(PROJECT_DIR)/build/Debug-iphoneos/RealmSwift",
					"$(PROJECT_DIR)/build/Debug-iphoneos/SVProgressHUD",
				);
				INFOPLIST_FILE = iosblackcard/Resource/plist/Info.plist;
				LD_RUNPATH_SEARCH_PATHS = "$(inherited) @executable_path/Frameworks";
				LIBRARY_SEARCH_PATHS = (
					"$(inherited)",
					"$(PROJECT_DIR)/iosblackcard/Library/WeChatSDK1.7.4",
				);
				PRODUCT_BUNDLE_IDENTIFIER = com.YunDian.iosblackcard;
				PRODUCT_NAME = "$(TARGET_NAME)";
				SWIFT_OBJC_BRIDGING_HEADER = "iosblackcard/Other/iosblackcard-Bridging-Header.h";
				SWIFT_OPTIMIZATION_LEVEL = "-Onone";
				SWIFT_VERSION = 3.0;
			};
			name = Debug;
		};
		6E4BED7E1E9F9139000DEACD /* Release */ = {
			isa = XCBuildConfiguration;
			baseConfigurationReference = C152F06A0714394665334365 /* Pods-iosblackcard.release.xcconfig */;
			buildSettings = {
				ASSETCATALOG_COMPILER_APPICON_NAME = AppIcon;
				CLANG_ENABLE_MODULES = YES;
				FRAMEWORK_SEARCH_PATHS = (
					"$(inherited)",
					"$(PROJECT_DIR)/build/Debug-iphoneos/AFNetworking",
					"$(PROJECT_DIR)/build/Debug-iphoneos/HappyDNS",
					"$(PROJECT_DIR)/build/Debug-iphoneos/Qiniu",
					"$(PROJECT_DIR)/build/Debug-iphoneos/Realm",
					"$(PROJECT_DIR)/build/Debug-iphoneos/RealmSwift",
					"$(PROJECT_DIR)/build/Debug-iphoneos/SVProgressHUD",
				);
				INFOPLIST_FILE = iosblackcard/Resource/plist/Info.plist;
				LD_RUNPATH_SEARCH_PATHS = "$(inherited) @executable_path/Frameworks";
				LIBRARY_SEARCH_PATHS = (
					"$(inherited)",
					"$(PROJECT_DIR)/iosblackcard/Library/WeChatSDK1.7.4",
				);
				PRODUCT_BUNDLE_IDENTIFIER = com.YunDian.iosblackcard;
				PRODUCT_NAME = "$(TARGET_NAME)";
				SWIFT_OBJC_BRIDGING_HEADER = "iosblackcard/Other/iosblackcard-Bridging-Header.h";
				SWIFT_VERSION = 3.0;
			};
			name = Release;
		};
		6E4BED801E9F9139000DEACD /* Debug */ = {
			isa = XCBuildConfiguration;
			buildSettings = {
				ALWAYS_EMBED_SWIFT_STANDARD_LIBRARIES = YES;
				BUNDLE_LOADER = "$(TEST_HOST)";
				INFOPLIST_FILE = iosblackcardTests/Info.plist;
				LD_RUNPATH_SEARCH_PATHS = "$(inherited) @executable_path/Frameworks @loader_path/Frameworks";
				PRODUCT_BUNDLE_IDENTIFIER = com.YunDian.iosblackcardTests;
				PRODUCT_NAME = "$(TARGET_NAME)";
				SWIFT_VERSION = 3.0;
				TEST_HOST = "$(BUILT_PRODUCTS_DIR)/iosblackcard.app/iosblackcard";
			};
			name = Debug;
		};
		6E4BED811E9F9139000DEACD /* Release */ = {
			isa = XCBuildConfiguration;
			buildSettings = {
				ALWAYS_EMBED_SWIFT_STANDARD_LIBRARIES = YES;
				BUNDLE_LOADER = "$(TEST_HOST)";
				INFOPLIST_FILE = iosblackcardTests/Info.plist;
				LD_RUNPATH_SEARCH_PATHS = "$(inherited) @executable_path/Frameworks @loader_path/Frameworks";
				PRODUCT_BUNDLE_IDENTIFIER = com.YunDian.iosblackcardTests;
				PRODUCT_NAME = "$(TARGET_NAME)";
				SWIFT_VERSION = 3.0;
				TEST_HOST = "$(BUILT_PRODUCTS_DIR)/iosblackcard.app/iosblackcard";
			};
			name = Release;
		};
		6E4BED831E9F9139000DEACD /* Debug */ = {
			isa = XCBuildConfiguration;
			buildSettings = {
				ALWAYS_EMBED_SWIFT_STANDARD_LIBRARIES = YES;
				INFOPLIST_FILE = iosblackcardUITests/Info.plist;
				LD_RUNPATH_SEARCH_PATHS = "$(inherited) @executable_path/Frameworks @loader_path/Frameworks";
				PRODUCT_BUNDLE_IDENTIFIER = com.YunDian.iosblackcardUITests;
				PRODUCT_NAME = "$(TARGET_NAME)";
				SWIFT_VERSION = 3.0;
				TEST_TARGET_NAME = iosblackcard;
			};
			name = Debug;
		};
		6E4BED841E9F9139000DEACD /* Release */ = {
			isa = XCBuildConfiguration;
			buildSettings = {
				ALWAYS_EMBED_SWIFT_STANDARD_LIBRARIES = YES;
				INFOPLIST_FILE = iosblackcardUITests/Info.plist;
				LD_RUNPATH_SEARCH_PATHS = "$(inherited) @executable_path/Frameworks @loader_path/Frameworks";
				PRODUCT_BUNDLE_IDENTIFIER = com.YunDian.iosblackcardUITests;
				PRODUCT_NAME = "$(TARGET_NAME)";
				SWIFT_VERSION = 3.0;
				TEST_TARGET_NAME = iosblackcard;
			};
			name = Release;
		};
/* End XCBuildConfiguration section */

/* Begin XCConfigurationList section */
		6E4BED4F1E9F9138000DEACD /* Build configuration list for PBXProject "iosblackcard" */ = {
			isa = XCConfigurationList;
			buildConfigurations = (
				6E4BED7A1E9F9139000DEACD /* Debug */,
				6E4BED7B1E9F9139000DEACD /* Release */,
			);
			defaultConfigurationIsVisible = 0;
			defaultConfigurationName = Release;
		};
		6E4BED7C1E9F9139000DEACD /* Build configuration list for PBXNativeTarget "iosblackcard" */ = {
			isa = XCConfigurationList;
			buildConfigurations = (
				6E4BED7D1E9F9139000DEACD /* Debug */,
				6E4BED7E1E9F9139000DEACD /* Release */,
			);
			defaultConfigurationIsVisible = 0;
			defaultConfigurationName = Release;
		};
		6E4BED7F1E9F9139000DEACD /* Build configuration list for PBXNativeTarget "iosblackcardTests" */ = {
			isa = XCConfigurationList;
			buildConfigurations = (
				6E4BED801E9F9139000DEACD /* Debug */,
				6E4BED811E9F9139000DEACD /* Release */,
			);
			defaultConfigurationIsVisible = 0;
			defaultConfigurationName = Release;
		};
		6E4BED821E9F9139000DEACD /* Build configuration list for PBXNativeTarget "iosblackcardUITests" */ = {
			isa = XCConfigurationList;
			buildConfigurations = (
				6E4BED831E9F9139000DEACD /* Debug */,
				6E4BED841E9F9139000DEACD /* Release */,
			);
			defaultConfigurationIsVisible = 0;
			defaultConfigurationName = Release;
		};
/* End XCConfigurationList section */
	};
	rootObject = 6E4BED4C1E9F9138000DEACD /* Project object */;
}
